
Microsoft Visual Studio Solution File, Format Version 12.00
# Visual Studio Version 17
VisualStudioVersion = 17.4.33205.214
MinimumVisualStudioVersion = 10.0.40219.1
Project("{9A19103F-16F7-4668-BE54-9A1E7A4F7556}") = "RivertyPaymentService", "RivertyPaymentService\RivertyPaymentService.csproj", "{33262E4C-4624-44AF-9432-ECE90E3CBCDC}"
EndProject
Project("{9A19103F-16F7-4668-BE54-9A1E7A4F7556}") = "RivertyPaymentService.Core", "RivertyPaymentService.Domain\RivertyPaymentService.Core.csproj", "{DFDC97E3-0033-48B6-A955-7B06940ED1F4}"
EndProject
Project("{9A19103F-16F7-4668-BE54-9A1E7A4F7556}") = "RivertyPaymentService.Tests", "RivertyPaymentService.Tests\RivertyPaymentService.Tests.csproj", "{3E52F502-4363-46E0-820D-2FF09DBC701F}"
EndProject
Project("{9A19103F-16F7-4668-BE54-9A1E7A4F7556}") = "RivertyPaymentService.Core.Tests", "RivertyPaymentService.Domain.Tests\RivertyPaymentService.Core.Tests.csproj", "{9E01DE49-E9D5-48ED-96AF-1410F5686253}"
EndProject
Project("{FAE04EC0-301F-11D3-BF4B-00C04F79EFBC}") = "RivertyPaymentService.IntegrationTests", "RivertyPaymentService.IntegrationTests\RivertyPaymentService.IntegrationTests.csproj", "{1C64DADA-B00D-4E42-9B96-F4AD33858653}"
EndProject
Global
	GlobalSection(SolutionConfigurationPlatforms) = preSolution
		Debug|Any CPU = Debug|Any CPU
		Release|Any CPU = Release|Any CPU
	EndGlobalSection
	GlobalSection(ProjectConfigurationPlatforms) = postSolution
		{33262E4C-4624-44AF-9432-ECE90E3CBCDC}.Debug|Any CPU.ActiveCfg = Debug|Any CPU
		{33262E4C-4624-44AF-9432-ECE90E3CBCDC}.Debug|Any CPU.Build.0 = Debug|Any CPU
		{33262E4C-4624-44AF-9432-ECE90E3CBCDC}.Release|Any CPU.ActiveCfg = Release|Any CPU
		{33262E4C-4624-44AF-9432-ECE90E3CBCDC}.Release|Any CPU.Build.0 = Release|Any CPU
		{DFDC97E3-0033-48B6-A955-7B06940ED1F4}.Debug|Any CPU.ActiveCfg = Debug|Any CPU
		{DFDC97E3-0033-48B6-A955-7B06940ED1F4}.Debug|Any CPU.Build.0 = Debug|Any CPU
		{DFDC97E3-0033-48B6-A955-7B06940ED1F4}.Release|Any CPU.ActiveCfg = Release|Any CPU
		{DFDC97E3-0033-48B6-A955-7B06940ED1F4}.Release|Any CPU.Build.0 = Release|Any CPU
		{3E52F502-4363-46E0-820D-2FF09DBC701F}.Debug|Any CPU.ActiveCfg = Debug|Any CPU
		{3E52F502-4363-46E0-820D-2FF09DBC701F}.Debug|Any CPU.Build.0 = Debug|Any CPU
		{3E52F502-4363-46E0-820D-2FF09DBC701F}.Release|Any CPU.ActiveCfg = Release|Any CPU
		{3E52F502-4363-46E0-820D-2FF09DBC701F}.Release|Any CPU.Build.0 = Release|Any CPU
		{9E01DE49-E9D5-48ED-96AF-1410F5686253}.Debug|Any CPU.ActiveCfg = Debug|Any CPU
		{9E01DE49-E9D5-48ED-96AF-1410F5686253}.Debug|Any CPU.Build.0 = Debug|Any CPU
		{9E01DE49-E9D5-48ED-96AF-1410F5686253}.Release|Any CPU.ActiveCfg = Release|Any CPU
		{9E01DE49-E9D5-48ED-96AF-1410F5686253}.Release|Any CPU.Build.0 = Release|Any CPU
		{1C64DADA-B00D-4E42-9B96-F4AD33858653}.Debug|Any CPU.ActiveCfg = Debug|Any CPU
		{1C64DADA-B00D-4E42-9B96-F4AD33858653}.Debug|Any CPU.Build.0 = Debug|Any CPU
		{1C64DADA-B00D-4E42-9B96-F4AD33858653}.Release|Any CPU.ActiveCfg = Release|Any CPU
		{1C64DADA-B00D-4E42-9B96-F4AD33858653}.Release|Any CPU.Build.0 = Release|Any CPU
	EndGlobalSection
	GlobalSection(SolutionProperties) = preSolution
		HideSolutionNode = FALSE
	EndGlobalSection
	GlobalSection(ExtensibilityGlobals) = postSolution
		SolutionGuid = {5A81895C-7D7C-4A15-A077-74D82D5A64C3}
	EndGlobalSection
EndGlobal
